
Microsoft Visual Studio Solution File, Format Version 12.00
# Visual Studio Version 17
VisualStudioVersion = 17.9.34622.214
MinimumVisualStudioVersion = 10.0.40219.1
Project("{FAE04EC0-301F-11D3-BF4B-00C04F79EFBC}") = "CsLox.ConsoleApp", "CsLox.ConsoleApp\CsLox.ConsoleApp.csproj", "{B6A20019-33BD-4029-B84B-655DBD63F6CC}"
EndProject
Global
	GlobalSection(SolutionConfigurationPlatforms) = preSolution
		Debug|Any CPU = Debug|Any CPU
		Release|Any CPU = Release|Any CPU
	EndGlobalSection
	GlobalSection(ProjectConfigurationPlatforms) = postSolution
		{B6A20019-33BD-4029-B84B-655DBD63F6CC}.Debug|Any CPU.ActiveCfg = Debug|Any CPU
		{B6A20019-33BD-4029-B84B-655DBD63F6CC}.Debug|Any CPU.Build.0 = Debug|Any CPU
		{B6A20019-33BD-4029-B84B-655DBD63F6CC}.Release|Any CPU.ActiveCfg = Release|Any CPU
		{B6A20019-33BD-4029-B84B-655DBD63F6CC}.Release|Any CPU.Build.0 = Release|Any CPU
	EndGlobalSection
	GlobalSection(SolutionProperties) = preSolution
		HideSolutionNode = FALSE
	EndGlobalSection
	GlobalSection(ExtensibilityGlobals) = postSolution
		SolutionGuid = {1B92D79B-585B-4EF6-8128-D88D1ABC94CB}
	EndGlobalSection
EndGlobal
